
Microsoft Visual Studio Solution File, Format Version 12.00
# Visual Studio Version 16
VisualStudioVersion = 16.0.30225.117
MinimumVisualStudioVersion = 10.0.40219.1
Project("{9A19103F-16F7-4668-BE54-9A1E7A4F7556}") = "Star1", "Star1.csproj", "{E8A82C10-E514-4BDD-BA8F-52F1B30ED7F3}"
EndProject
Project("{FAE04EC0-301F-11D3-BF4B-00C04F79EFBC}") = "Star2", "..\Star2\Star2.csproj", "{2DED97F8-D685-42AD-917B-3C7FD2FDCEE6}"
EndProject
Global
	GlobalSection(SolutionConfigurationPlatforms) = preSolution
		Debug|Any CPU = Debug|Any CPU
		Release|Any CPU = Release|Any CPU
	EndGlobalSection
	GlobalSection(ProjectConfigurationPlatforms) = postSolution
		{E8A82C10-E514-4BDD-BA8F-52F1B30ED7F3}.Debug|Any CPU.ActiveCfg = Debug|Any CPU
		{E8A82C10-E514-4BDD-BA8F-52F1B30ED7F3}.Debug|Any CPU.Build.0 = Debug|Any CPU
		{E8A82C10-E514-4BDD-BA8F-52F1B30ED7F3}.Release|Any CPU.ActiveCfg = Release|Any CPU
		{E8A82C10-E514-4BDD-BA8F-52F1B30ED7F3}.Release|Any CPU.Build.0 = Release|Any CPU
		{2DED97F8-D685-42AD-917B-3C7FD2FDCEE6}.Debug|Any CPU.ActiveCfg = Debug|Any CPU
		{2DED97F8-D685-42AD-917B-3C7FD2FDCEE6}.Debug|Any CPU.Build.0 = Debug|Any CPU
		{2DED97F8-D685-42AD-917B-3C7FD2FDCEE6}.Release|Any CPU.ActiveCfg = Release|Any CPU
		{2DED97F8-D685-42AD-917B-3C7FD2FDCEE6}.Release|Any CPU.Build.0 = Release|Any CPU
	EndGlobalSection
	GlobalSection(SolutionProperties) = preSolution
		HideSolutionNode = FALSE
	EndGlobalSection
	GlobalSection(ExtensibilityGlobals) = postSolution
		SolutionGuid = {089A410F-184F-432F-89FC-1A17AA63E35A}
	EndGlobalSection
EndGlobal
